
Microsoft Visual Studio Solution File, Format Version 12.00
# Visual Studio 15
VisualStudioVersion = 15.0.26403.7
MinimumVisualStudioVersion = 10.0.40219.1
Project("{FAE04EC0-301F-11D3-BF4B-00C04F79EFBC}") = "SecureAPIDemo.Web", "SecureAPIDemo.Web\SecureAPIDemo.Web.csproj", "{8A024C3D-BBFA-421C-91F6-7B73BCDF8CF8}"
EndProject
Project("{FAE04EC0-301F-11D3-BF4B-00C04F79EFBC}") = "SecureAPIDemo.Api", "SecureAPIDemo.Api\SecureAPIDemo.Api.csproj", "{4CB9A7DF-E54F-4A92-994B-8C03F1B8359B}"
EndProject
Global
	GlobalSection(SolutionConfigurationPlatforms) = preSolution
		Debug|Any CPU = Debug|Any CPU
		Release|Any CPU = Release|Any CPU
	EndGlobalSection
	GlobalSection(ProjectConfigurationPlatforms) = postSolution
		{8A024C3D-BBFA-421C-91F6-7B73BCDF8CF8}.Debug|Any CPU.ActiveCfg = Debug|Any CPU
		{8A024C3D-BBFA-421C-91F6-7B73BCDF8CF8}.Debug|Any CPU.Build.0 = Debug|Any CPU
		{8A024C3D-BBFA-421C-91F6-7B73BCDF8CF8}.Release|Any CPU.ActiveCfg = Release|Any CPU
		{8A024C3D-BBFA-421C-91F6-7B73BCDF8CF8}.Release|Any CPU.Build.0 = Release|Any CPU
		{4CB9A7DF-E54F-4A92-994B-8C03F1B8359B}.Debug|Any CPU.ActiveCfg = Debug|Any CPU
		{4CB9A7DF-E54F-4A92-994B-8C03F1B8359B}.Debug|Any CPU.Build.0 = Debug|Any CPU
		{4CB9A7DF-E54F-4A92-994B-8C03F1B8359B}.Release|Any CPU.ActiveCfg = Release|Any CPU
		{4CB9A7DF-E54F-4A92-994B-8C03F1B8359B}.Release|Any CPU.Build.0 = Release|Any CPU
	EndGlobalSection
	GlobalSection(SolutionProperties) = preSolution
		HideSolutionNode = FALSE
	EndGlobalSection
EndGlobal
